
Microsoft Visual Studio Solution File, Format Version 12.00
# Visual Studio 2012
Project("{FAE04EC0-301F-11D3-BF4B-00C04F79EFBC}") = "Spring.Integration.2012", "src\Spring\Spring.Integration\Spring.Integration.2012.csproj", "{706AC42E-EA86-4BDD-B856-71362DA3E54E}"
EndProject
Global
	GlobalSection(SolutionConfigurationPlatforms) = preSolution
		Debug|Any CPU = Debug|Any CPU
		Release|Any CPU = Release|Any CPU
	EndGlobalSection
	GlobalSection(ProjectConfigurationPlatforms) = postSolution
		{706AC42E-EA86-4BDD-B856-71362DA3E54E}.Debug|Any CPU.ActiveCfg = Debug|Any CPU
		{706AC42E-EA86-4BDD-B856-71362DA3E54E}.Debug|Any CPU.Build.0 = Debug|Any CPU
		{706AC42E-EA86-4BDD-B856-71362DA3E54E}.Release|Any CPU.ActiveCfg = Release|Any CPU
		{706AC42E-EA86-4BDD-B856-71362DA3E54E}.Release|Any CPU.Build.0 = Release|Any CPU
	EndGlobalSection
	GlobalSection(SolutionProperties) = preSolution
		HideSolutionNode = FALSE
	EndGlobalSection
EndGlobal
