
Microsoft Visual Studio Solution File, Format Version 12.00
# Visual Studio 2012
Project("{FAE04EC0-301F-11D3-BF4B-00C04F79EFBC}") = "Spring.Integration.2012", "src\Spring\Spring.Integration\Spring.Integration.2012.csproj", "{706AC42E-EA86-4BDD-B856-71362DA3E54E}"
EndProject
Project("{FAE04EC0-301F-11D3-BF4B-00C04F79EFBC}") = "Spring.Integration.Nms.2012", "src\Spring\Spring.Integration.Nms\Spring.Integration.Nms.2012.csproj", "{E064C582-CF5A-447C-AE24-4CA3C36E89A8}"
EndProject
Project("{FAE04EC0-301F-11D3-BF4B-00C04F79EFBC}") = "Spring.Integration.Tests.2012", "test\Spring\Spring.Integration.Tests\Spring.Integration.Tests.2012.csproj", "{3E92F2C1-9776-4D33-9B9B-764E8E667302}"
EndProject
Project("{FAE04EC0-301F-11D3-BF4B-00C04F79EFBC}") = "Spring.Integration.Nms.Tests.2012", "test\Spring\Spring.Integration.Nms.Tests\Spring.Integration.Nms.Tests.2012.csproj", "{2B8C4B28-B2C9-4033-8197-D1D87660D747}"
EndProject
Project("{2150E333-8FDC-42A3-9474-1A3956D46DE8}") = "Samples", "Samples", "{5E6D4ABB-1D7D-4857-8F4B-7DBF84F2AC88}"
EndProject
Project("{FAE04EC0-301F-11D3-BF4B-00C04F79EFBC}") = "Spring.Integration.Example.IntervalOddEven.2012", "examples\Spring\Spring.Integration.Example\Spring.Integration.Example.IntervalOddEven\Spring.Integration.Example.IntervalOddEven.2012.csproj", "{8F531F5B-A5A1-4C2C-9A61-4B9F2C806DF1}"
EndProject
Project("{FAE04EC0-301F-11D3-BF4B-00C04F79EFBC}") = "Spring.Integration.Example.HelloWorld.2012", "examples\Spring\Spring.Integration.Example\Spring.Integration.Example.HelloWorld\Spring.Integration.Example.HelloWorld.2012.csproj", "{E4FDC4AF-C1A9-4D57-B494-323DCFB92268}"
EndProject
Project("{FAE04EC0-301F-11D3-BF4B-00C04F79EFBC}") = "Spring.Integration.ChannelDemo.2012", "examples\Spring\Spring.Integration.Example\Spring.Integration.ChannelDemo\Spring.Integration.ChannelDemo.2012.csproj", "{079C3940-EC4B-45D8-98F4-7D0E517AB7A4}"
EndProject
Global
	GlobalSection(SolutionConfigurationPlatforms) = preSolution
		Debug|Any CPU = Debug|Any CPU
		Release|Any CPU = Release|Any CPU
	EndGlobalSection
	GlobalSection(ProjectConfigurationPlatforms) = postSolution
		{706AC42E-EA86-4BDD-B856-71362DA3E54E}.Debug|Any CPU.ActiveCfg = Debug|Any CPU
		{706AC42E-EA86-4BDD-B856-71362DA3E54E}.Debug|Any CPU.Build.0 = Debug|Any CPU
		{706AC42E-EA86-4BDD-B856-71362DA3E54E}.Release|Any CPU.ActiveCfg = Release|Any CPU
		{706AC42E-EA86-4BDD-B856-71362DA3E54E}.Release|Any CPU.Build.0 = Release|Any CPU
		{E064C582-CF5A-447C-AE24-4CA3C36E89A8}.Debug|Any CPU.ActiveCfg = Debug|Any CPU
		{E064C582-CF5A-447C-AE24-4CA3C36E89A8}.Debug|Any CPU.Build.0 = Debug|Any CPU
		{E064C582-CF5A-447C-AE24-4CA3C36E89A8}.Release|Any CPU.ActiveCfg = Release|Any CPU
		{E064C582-CF5A-447C-AE24-4CA3C36E89A8}.Release|Any CPU.Build.0 = Release|Any CPU
		{3E92F2C1-9776-4D33-9B9B-764E8E667302}.Debug|Any CPU.ActiveCfg = Debug|Any CPU
		{3E92F2C1-9776-4D33-9B9B-764E8E667302}.Debug|Any CPU.Build.0 = Debug|Any CPU
		{3E92F2C1-9776-4D33-9B9B-764E8E667302}.Release|Any CPU.ActiveCfg = Release|Any CPU
		{3E92F2C1-9776-4D33-9B9B-764E8E667302}.Release|Any CPU.Build.0 = Release|Any CPU
		{2B8C4B28-B2C9-4033-8197-D1D87660D747}.Debug|Any CPU.ActiveCfg = Debug|Any CPU
		{2B8C4B28-B2C9-4033-8197-D1D87660D747}.Debug|Any CPU.Build.0 = Debug|Any CPU
		{2B8C4B28-B2C9-4033-8197-D1D87660D747}.Release|Any CPU.ActiveCfg = Release|Any CPU
		{2B8C4B28-B2C9-4033-8197-D1D87660D747}.Release|Any CPU.Build.0 = Release|Any CPU
		{8F531F5B-A5A1-4C2C-9A61-4B9F2C806DF1}.Debug|Any CPU.ActiveCfg = Debug|Any CPU
		{8F531F5B-A5A1-4C2C-9A61-4B9F2C806DF1}.Debug|Any CPU.Build.0 = Debug|Any CPU
		{8F531F5B-A5A1-4C2C-9A61-4B9F2C806DF1}.Release|Any CPU.ActiveCfg = Release|Any CPU
		{8F531F5B-A5A1-4C2C-9A61-4B9F2C806DF1}.Release|Any CPU.Build.0 = Release|Any CPU
		{E4FDC4AF-C1A9-4D57-B494-323DCFB92268}.Debug|Any CPU.ActiveCfg = Debug|Any CPU
		{E4FDC4AF-C1A9-4D57-B494-323DCFB92268}.Debug|Any CPU.Build.0 = Debug|Any CPU
		{E4FDC4AF-C1A9-4D57-B494-323DCFB92268}.Release|Any CPU.ActiveCfg = Release|Any CPU
		{E4FDC4AF-C1A9-4D57-B494-323DCFB92268}.Release|Any CPU.Build.0 = Release|Any CPU
		{079C3940-EC4B-45D8-98F4-7D0E517AB7A4}.Debug|Any CPU.ActiveCfg = Debug|Any CPU
		{079C3940-EC4B-45D8-98F4-7D0E517AB7A4}.Debug|Any CPU.Build.0 = Debug|Any CPU
		{079C3940-EC4B-45D8-98F4-7D0E517AB7A4}.Release|Any CPU.ActiveCfg = Release|Any CPU
		{079C3940-EC4B-45D8-98F4-7D0E517AB7A4}.Release|Any CPU.Build.0 = Release|Any CPU
	EndGlobalSection
	GlobalSection(SolutionProperties) = preSolution
		HideSolutionNode = FALSE
	EndGlobalSection
	GlobalSection(NestedProjects) = preSolution
		{8F531F5B-A5A1-4C2C-9A61-4B9F2C806DF1} = {5E6D4ABB-1D7D-4857-8F4B-7DBF84F2AC88}
		{E4FDC4AF-C1A9-4D57-B494-323DCFB92268} = {5E6D4ABB-1D7D-4857-8F4B-7DBF84F2AC88}
		{079C3940-EC4B-45D8-98F4-7D0E517AB7A4} = {5E6D4ABB-1D7D-4857-8F4B-7DBF84F2AC88}
	EndGlobalSection
EndGlobal
